
Microsoft Visual Studio Solution File, Format Version 12.00
# Visual Studio 15
VisualStudioVersion = 15.0.27703.2042
MinimumVisualStudioVersion = 10.0.40219.1
Project("{FAE04EC0-301F-11D3-BF4B-00C04F79EFBC}") = "Somuleco.IOS", "Somuleco.IOS\Somuleco.IOS.csproj", "{101E3060-8799-4119-8A7A-4F86A01C0C84}"
EndProject
Project("{FAE04EC0-301F-11D3-BF4B-00C04F79EFBC}") = "Somuleco.UWP", "Somuleco.UWP\Somuleco.UWP.csproj", "{0A9249DF-66B5-43FE-AB9C-64DD7048D36F}"
EndProject
Project("{9A19103F-16F7-4668-BE54-9A1E7A4F7556}") = "Somuleco.SharedLibrary", "Somuleco.SharedLibrary\Somuleco.SharedLibrary.csproj", "{441EDC0C-2E84-4B13-A587-7F1AC67E230D}"
EndProject
Project("{FAE04EC0-301F-11D3-BF4B-00C04F79EFBC}") = "Somuleco.Mac", "Somuleco.Mac\Somuleco.Mac.csproj", "{D26C2131-024D-49C8-AEB8-7F1385C601F1}"
EndProject
Project("{FAE04EC0-301F-11D3-BF4B-00C04F79EFBC}") = "Somuleco.Droid", "Somuleco.Droid\Somuleco.Droid.csproj", "{0BFDBA0D-964B-4E1B-B3E4-2401677E25E6}"
EndProject
Project("{FAE04EC0-301F-11D3-BF4B-00C04F79EFBC}") = "SharedLibrary", "SharedLibrary\SharedLibrary.csproj", "{BDED9DC8-2BC1-40BD-84C6-1A86E015CE76}"
EndProject
Project("{FAE04EC0-301F-11D3-BF4B-00C04F79EFBC}") = "Somuleco.UnitTests", "Somuleco.UnitTests\Somuleco.UnitTests.csproj", "{548E6B1D-2F22-4006-B5AD-135F24BFDFCA}"
EndProject
Global
	GlobalSection(SolutionConfigurationPlatforms) = preSolution
		Debug|Any CPU = Debug|Any CPU
		Debug|ARM = Debug|ARM
		Debug|iPhone = Debug|iPhone
		Debug|iPhoneSimulator = Debug|iPhoneSimulator
		Debug|x64 = Debug|x64
		Debug|x86 = Debug|x86
		Release|Any CPU = Release|Any CPU
		Release|ARM = Release|ARM
		Release|iPhone = Release|iPhone
		Release|iPhoneSimulator = Release|iPhoneSimulator
		Release|x64 = Release|x64
		Release|x86 = Release|x86
	EndGlobalSection
	GlobalSection(ProjectConfigurationPlatforms) = postSolution
		{101E3060-8799-4119-8A7A-4F86A01C0C84}.Debug|Any CPU.ActiveCfg = Debug|iPhone
		{101E3060-8799-4119-8A7A-4F86A01C0C84}.Debug|ARM.ActiveCfg = Debug|iPhone
		{101E3060-8799-4119-8A7A-4F86A01C0C84}.Debug|iPhone.ActiveCfg = Debug|iPhone
		{101E3060-8799-4119-8A7A-4F86A01C0C84}.Debug|iPhone.Build.0 = Debug|iPhone
		{101E3060-8799-4119-8A7A-4F86A01C0C84}.Debug|iPhone.Deploy.0 = Debug|iPhone
		{101E3060-8799-4119-8A7A-4F86A01C0C84}.Debug|iPhoneSimulator.ActiveCfg = Debug|iPhoneSimulator
		{101E3060-8799-4119-8A7A-4F86A01C0C84}.Debug|iPhoneSimulator.Build.0 = Debug|iPhoneSimulator
		{101E3060-8799-4119-8A7A-4F86A01C0C84}.Debug|iPhoneSimulator.Deploy.0 = Debug|iPhoneSimulator
		{101E3060-8799-4119-8A7A-4F86A01C0C84}.Debug|x64.ActiveCfg = Debug|iPhone
		{101E3060-8799-4119-8A7A-4F86A01C0C84}.Debug|x86.ActiveCfg = Debug|iPhone
		{101E3060-8799-4119-8A7A-4F86A01C0C84}.Release|Any CPU.ActiveCfg = Release|iPhone
		{101E3060-8799-4119-8A7A-4F86A01C0C84}.Release|ARM.ActiveCfg = Release|iPhone
		{101E3060-8799-4119-8A7A-4F86A01C0C84}.Release|iPhone.ActiveCfg = Release|iPhone
		{101E3060-8799-4119-8A7A-4F86A01C0C84}.Release|iPhone.Build.0 = Release|iPhone
		{101E3060-8799-4119-8A7A-4F86A01C0C84}.Release|iPhone.Deploy.0 = Release|iPhone
		{101E3060-8799-4119-8A7A-4F86A01C0C84}.Release|iPhoneSimulator.ActiveCfg = Release|iPhoneSimulator
		{101E3060-8799-4119-8A7A-4F86A01C0C84}.Release|iPhoneSimulator.Build.0 = Release|iPhoneSimulator
		{101E3060-8799-4119-8A7A-4F86A01C0C84}.Release|iPhoneSimulator.Deploy.0 = Release|iPhoneSimulator
		{101E3060-8799-4119-8A7A-4F86A01C0C84}.Release|x64.ActiveCfg = Release|iPhone
		{101E3060-8799-4119-8A7A-4F86A01C0C84}.Release|x86.ActiveCfg = Release|iPhone
		{0A9249DF-66B5-43FE-AB9C-64DD7048D36F}.Debug|Any CPU.ActiveCfg = Debug|x86
		{0A9249DF-66B5-43FE-AB9C-64DD7048D36F}.Debug|ARM.ActiveCfg = Debug|ARM
		{0A9249DF-66B5-43FE-AB9C-64DD7048D36F}.Debug|ARM.Build.0 = Debug|ARM
		{0A9249DF-66B5-43FE-AB9C-64DD7048D36F}.Debug|ARM.Deploy.0 = Debug|ARM
		{0A9249DF-66B5-43FE-AB9C-64DD7048D36F}.Debug|iPhone.ActiveCfg = Debug|x86
		{0A9249DF-66B5-43FE-AB9C-64DD7048D36F}.Debug|iPhoneSimulator.ActiveCfg = Debug|x86
		{0A9249DF-66B5-43FE-AB9C-64DD7048D36F}.Debug|x64.ActiveCfg = Debug|x64
		{0A9249DF-66B5-43FE-AB9C-64DD7048D36F}.Debug|x64.Build.0 = Debug|x64
		{0A9249DF-66B5-43FE-AB9C-64DD7048D36F}.Debug|x64.Deploy.0 = Debug|x64
		{0A9249DF-66B5-43FE-AB9C-64DD7048D36F}.Debug|x86.ActiveCfg = Debug|x86
		{0A9249DF-66B5-43FE-AB9C-64DD7048D36F}.Debug|x86.Build.0 = Debug|x86
		{0A9249DF-66B5-43FE-AB9C-64DD7048D36F}.Debug|x86.Deploy.0 = Debug|x86
		{0A9249DF-66B5-43FE-AB9C-64DD7048D36F}.Release|Any CPU.ActiveCfg = Release|x86
		{0A9249DF-66B5-43FE-AB9C-64DD7048D36F}.Release|ARM.ActiveCfg = Release|ARM
		{0A9249DF-66B5-43FE-AB9C-64DD7048D36F}.Release|ARM.Build.0 = Release|ARM
		{0A9249DF-66B5-43FE-AB9C-64DD7048D36F}.Release|ARM.Deploy.0 = Release|ARM
		{0A9249DF-66B5-43FE-AB9C-64DD7048D36F}.Release|iPhone.ActiveCfg = Release|x86
		{0A9249DF-66B5-43FE-AB9C-64DD7048D36F}.Release|iPhoneSimulator.ActiveCfg = Release|x86
		{0A9249DF-66B5-43FE-AB9C-64DD7048D36F}.Release|x64.ActiveCfg = Release|x64
		{0A9249DF-66B5-43FE-AB9C-64DD7048D36F}.Release|x64.Build.0 = Release|x64
		{0A9249DF-66B5-43FE-AB9C-64DD7048D36F}.Release|x64.Deploy.0 = Release|x64
		{0A9249DF-66B5-43FE-AB9C-64DD7048D36F}.Release|x86.ActiveCfg = Release|x86
		{0A9249DF-66B5-43FE-AB9C-64DD7048D36F}.Release|x86.Build.0 = Release|x86
		{0A9249DF-66B5-43FE-AB9C-64DD7048D36F}.Release|x86.Deploy.0 = Release|x86
		{441EDC0C-2E84-4B13-A587-7F1AC67E230D}.Debug|Any CPU.ActiveCfg = Debug|Any CPU
		{441EDC0C-2E84-4B13-A587-7F1AC67E230D}.Debug|Any CPU.Build.0 = Debug|Any CPU
		{441EDC0C-2E84-4B13-A587-7F1AC67E230D}.Debug|ARM.ActiveCfg = Debug|Any CPU
		{441EDC0C-2E84-4B13-A587-7F1AC67E230D}.Debug|ARM.Build.0 = Debug|Any CPU
		{441EDC0C-2E84-4B13-A587-7F1AC67E230D}.Debug|iPhone.ActiveCfg = Debug|Any CPU
		{441EDC0C-2E84-4B13-A587-7F1AC67E230D}.Debug|iPhone.Build.0 = Debug|Any CPU
		{441EDC0C-2E84-4B13-A587-7F1AC67E230D}.Debug|iPhoneSimulator.ActiveCfg = Debug|Any CPU
		{441EDC0C-2E84-4B13-A587-7F1AC67E230D}.Debug|iPhoneSimulator.Build.0 = Debug|Any CPU
		{441EDC0C-2E84-4B13-A587-7F1AC67E230D}.Debug|x64.ActiveCfg = Debug|Any CPU
		{441EDC0C-2E84-4B13-A587-7F1AC67E230D}.Debug|x64.Build.0 = Debug|Any CPU
		{441EDC0C-2E84-4B13-A587-7F1AC67E230D}.Debug|x86.ActiveCfg = Debug|Any CPU
		{441EDC0C-2E84-4B13-A587-7F1AC67E230D}.Debug|x86.Build.0 = Debug|Any CPU
		{441EDC0C-2E84-4B13-A587-7F1AC67E230D}.Release|Any CPU.ActiveCfg = Release|Any CPU
		{441EDC0C-2E84-4B13-A587-7F1AC67E230D}.Release|Any CPU.Build.0 = Release|Any CPU
		{441EDC0C-2E84-4B13-A587-7F1AC67E230D}.Release|ARM.ActiveCfg = Release|Any CPU
		{441EDC0C-2E84-4B13-A587-7F1AC67E230D}.Release|ARM.Build.0 = Release|Any CPU
		{441EDC0C-2E84-4B13-A587-7F1AC67E230D}.Release|iPhone.ActiveCfg = Release|Any CPU
		{441EDC0C-2E84-4B13-A587-7F1AC67E230D}.Release|iPhone.Build.0 = Release|Any CPU
		{441EDC0C-2E84-4B13-A587-7F1AC67E230D}.Release|iPhoneSimulator.ActiveCfg = Release|Any CPU
		{441EDC0C-2E84-4B13-A587-7F1AC67E230D}.Release|iPhoneSimulator.Build.0 = Release|Any CPU
		{441EDC0C-2E84-4B13-A587-7F1AC67E230D}.Release|x64.ActiveCfg = Release|Any CPU
		{441EDC0C-2E84-4B13-A587-7F1AC67E230D}.Release|x64.Build.0 = Release|Any CPU
		{441EDC0C-2E84-4B13-A587-7F1AC67E230D}.Release|x86.ActiveCfg = Release|Any CPU
		{441EDC0C-2E84-4B13-A587-7F1AC67E230D}.Release|x86.Build.0 = Release|Any CPU
		{D26C2131-024D-49C8-AEB8-7F1385C601F1}.Debug|Any CPU.ActiveCfg = Debug|Any CPU
		{D26C2131-024D-49C8-AEB8-7F1385C601F1}.Debug|Any CPU.Build.0 = Debug|Any CPU
		{D26C2131-024D-49C8-AEB8-7F1385C601F1}.Debug|ARM.ActiveCfg = Debug|Any CPU
		{D26C2131-024D-49C8-AEB8-7F1385C601F1}.Debug|ARM.Build.0 = Debug|Any CPU
		{D26C2131-024D-49C8-AEB8-7F1385C601F1}.Debug|iPhone.ActiveCfg = Debug|Any CPU
		{D26C2131-024D-49C8-AEB8-7F1385C601F1}.Debug|iPhone.Build.0 = Debug|Any CPU
		{D26C2131-024D-49C8-AEB8-7F1385C601F1}.Debug|iPhoneSimulator.ActiveCfg = Debug|Any CPU
		{D26C2131-024D-49C8-AEB8-7F1385C601F1}.Debug|iPhoneSimulator.Build.0 = Debug|Any CPU
		{D26C2131-024D-49C8-AEB8-7F1385C601F1}.Debug|x64.ActiveCfg = Debug|Any CPU
		{D26C2131-024D-49C8-AEB8-7F1385C601F1}.Debug|x64.Build.0 = Debug|Any CPU
		{D26C2131-024D-49C8-AEB8-7F1385C601F1}.Debug|x86.ActiveCfg = Debug|Any CPU
		{D26C2131-024D-49C8-AEB8-7F1385C601F1}.Debug|x86.Build.0 = Debug|Any CPU
		{D26C2131-024D-49C8-AEB8-7F1385C601F1}.Release|Any CPU.ActiveCfg = Release|Any CPU
		{D26C2131-024D-49C8-AEB8-7F1385C601F1}.Release|Any CPU.Build.0 = Release|Any CPU
		{D26C2131-024D-49C8-AEB8-7F1385C601F1}.Release|ARM.ActiveCfg = Release|Any CPU
		{D26C2131-024D-49C8-AEB8-7F1385C601F1}.Release|ARM.Build.0 = Release|Any CPU
		{D26C2131-024D-49C8-AEB8-7F1385C601F1}.Release|iPhone.ActiveCfg = Release|Any CPU
		{D26C2131-024D-49C8-AEB8-7F1385C601F1}.Release|iPhone.Build.0 = Release|Any CPU
		{D26C2131-024D-49C8-AEB8-7F1385C601F1}.Release|iPhoneSimulator.ActiveCfg = Release|Any CPU
		{D26C2131-024D-49C8-AEB8-7F1385C601F1}.Release|iPhoneSimulator.Build.0 = Release|Any CPU
		{D26C2131-024D-49C8-AEB8-7F1385C601F1}.Release|x64.ActiveCfg = Release|Any CPU
		{D26C2131-024D-49C8-AEB8-7F1385C601F1}.Release|x64.Build.0 = Release|Any CPU
		{D26C2131-024D-49C8-AEB8-7F1385C601F1}.Release|x86.ActiveCfg = Release|Any CPU
		{D26C2131-024D-49C8-AEB8-7F1385C601F1}.Release|x86.Build.0 = Release|Any CPU
		{0BFDBA0D-964B-4E1B-B3E4-2401677E25E6}.Debug|Any CPU.ActiveCfg = Debug|Any CPU
		{0BFDBA0D-964B-4E1B-B3E4-2401677E25E6}.Debug|Any CPU.Build.0 = Debug|Any CPU
		{0BFDBA0D-964B-4E1B-B3E4-2401677E25E6}.Debug|ARM.ActiveCfg = Debug|Any CPU
		{0BFDBA0D-964B-4E1B-B3E4-2401677E25E6}.Debug|ARM.Build.0 = Debug|Any CPU
		{0BFDBA0D-964B-4E1B-B3E4-2401677E25E6}.Debug|iPhone.ActiveCfg = Debug|Any CPU
		{0BFDBA0D-964B-4E1B-B3E4-2401677E25E6}.Debug|iPhone.Build.0 = Debug|Any CPU
		{0BFDBA0D-964B-4E1B-B3E4-2401677E25E6}.Debug|iPhoneSimulator.ActiveCfg = Debug|Any CPU
		{0BFDBA0D-964B-4E1B-B3E4-2401677E25E6}.Debug|iPhoneSimulator.Build.0 = Debug|Any CPU
		{0BFDBA0D-964B-4E1B-B3E4-2401677E25E6}.Debug|x64.ActiveCfg = Debug|Any CPU
		{0BFDBA0D-964B-4E1B-B3E4-2401677E25E6}.Debug|x64.Build.0 = Debug|Any CPU
		{0BFDBA0D-964B-4E1B-B3E4-2401677E25E6}.Debug|x86.ActiveCfg = Debug|Any CPU
		{0BFDBA0D-964B-4E1B-B3E4-2401677E25E6}.Debug|x86.Build.0 = Debug|Any CPU
		{0BFDBA0D-964B-4E1B-B3E4-2401677E25E6}.Release|Any CPU.ActiveCfg = Release|Any CPU
		{0BFDBA0D-964B-4E1B-B3E4-2401677E25E6}.Release|Any CPU.Build.0 = Release|Any CPU
		{0BFDBA0D-964B-4E1B-B3E4-2401677E25E6}.Release|ARM.ActiveCfg = Release|Any CPU
		{0BFDBA0D-964B-4E1B-B3E4-2401677E25E6}.Release|ARM.Build.0 = Release|Any CPU
		{0BFDBA0D-964B-4E1B-B3E4-2401677E25E6}.Release|iPhone.ActiveCfg = Release|Any CPU
		{0BFDBA0D-964B-4E1B-B3E4-2401677E25E6}.Release|iPhone.Build.0 = Release|Any CPU
		{0BFDBA0D-964B-4E1B-B3E4-2401677E25E6}.Release|iPhoneSimulator.ActiveCfg = Release|Any CPU
		{0BFDBA0D-964B-4E1B-B3E4-2401677E25E6}.Release|iPhoneSimulator.Build.0 = Release|Any CPU
		{0BFDBA0D-964B-4E1B-B3E4-2401677E25E6}.Release|x64.ActiveCfg = Release|Any CPU
		{0BFDBA0D-964B-4E1B-B3E4-2401677E25E6}.Release|x64.Build.0 = Release|Any CPU
		{0BFDBA0D-964B-4E1B-B3E4-2401677E25E6}.Release|x86.ActiveCfg = Release|Any CPU
		{0BFDBA0D-964B-4E1B-B3E4-2401677E25E6}.Release|x86.Build.0 = Release|Any CPU
		{BDED9DC8-2BC1-40BD-84C6-1A86E015CE76}.Debug|Any CPU.ActiveCfg = Debug|Any CPU
		{BDED9DC8-2BC1-40BD-84C6-1A86E015CE76}.Debug|Any CPU.Build.0 = Debug|Any CPU
		{BDED9DC8-2BC1-40BD-84C6-1A86E015CE76}.Debug|ARM.ActiveCfg = Debug|Any CPU
		{BDED9DC8-2BC1-40BD-84C6-1A86E015CE76}.Debug|ARM.Build.0 = Debug|Any CPU
		{BDED9DC8-2BC1-40BD-84C6-1A86E015CE76}.Debug|iPhone.ActiveCfg = Debug|Any CPU
		{BDED9DC8-2BC1-40BD-84C6-1A86E015CE76}.Debug|iPhone.Build.0 = Debug|Any CPU
		{BDED9DC8-2BC1-40BD-84C6-1A86E015CE76}.Debug|iPhoneSimulator.ActiveCfg = Debug|Any CPU
		{BDED9DC8-2BC1-40BD-84C6-1A86E015CE76}.Debug|iPhoneSimulator.Build.0 = Debug|Any CPU
		{BDED9DC8-2BC1-40BD-84C6-1A86E015CE76}.Debug|x64.ActiveCfg = Debug|Any CPU
		{BDED9DC8-2BC1-40BD-84C6-1A86E015CE76}.Debug|x64.Build.0 = Debug|Any CPU
		{BDED9DC8-2BC1-40BD-84C6-1A86E015CE76}.Debug|x86.ActiveCfg = Debug|Any CPU
		{BDED9DC8-2BC1-40BD-84C6-1A86E015CE76}.Debug|x86.Build.0 = Debug|Any CPU
		{BDED9DC8-2BC1-40BD-84C6-1A86E015CE76}.Release|Any CPU.ActiveCfg = Release|Any CPU
		{BDED9DC8-2BC1-40BD-84C6-1A86E015CE76}.Release|Any CPU.Build.0 = Release|Any CPU
		{BDED9DC8-2BC1-40BD-84C6-1A86E015CE76}.Release|ARM.ActiveCfg = Release|Any CPU
		{BDED9DC8-2BC1-40BD-84C6-1A86E015CE76}.Release|ARM.Build.0 = Release|Any CPU
		{BDED9DC8-2BC1-40BD-84C6-1A86E015CE76}.Release|iPhone.ActiveCfg = Release|Any CPU
		{BDED9DC8-2BC1-40BD-84C6-1A86E015CE76}.Release|iPhone.Build.0 = Release|Any CPU
		{BDED9DC8-2BC1-40BD-84C6-1A86E015CE76}.Release|iPhoneSimulator.ActiveCfg = Release|Any CPU
		{BDED9DC8-2BC1-40BD-84C6-1A86E015CE76}.Release|iPhoneSimulator.Build.0 = Release|Any CPU
		{BDED9DC8-2BC1-40BD-84C6-1A86E015CE76}.Release|x64.ActiveCfg = Release|Any CPU
		{BDED9DC8-2BC1-40BD-84C6-1A86E015CE76}.Release|x64.Build.0 = Release|Any CPU
		{BDED9DC8-2BC1-40BD-84C6-1A86E015CE76}.Release|x86.ActiveCfg = Release|Any CPU
		{BDED9DC8-2BC1-40BD-84C6-1A86E015CE76}.Release|x86.Build.0 = Release|Any CPU
		{548E6B1D-2F22-4006-B5AD-135F24BFDFCA}.Debug|Any CPU.ActiveCfg = Debug|Any CPU
		{548E6B1D-2F22-4006-B5AD-135F24BFDFCA}.Debug|Any CPU.Build.0 = Debug|Any CPU
		{548E6B1D-2F22-4006-B5AD-135F24BFDFCA}.Debug|ARM.ActiveCfg = Debug|Any CPU
		{548E6B1D-2F22-4006-B5AD-135F24BFDFCA}.Debug|ARM.Build.0 = Debug|Any CPU
		{548E6B1D-2F22-4006-B5AD-135F24BFDFCA}.Debug|iPhone.ActiveCfg = Debug|Any CPU
		{548E6B1D-2F22-4006-B5AD-135F24BFDFCA}.Debug|iPhone.Build.0 = Debug|Any CPU
		{548E6B1D-2F22-4006-B5AD-135F24BFDFCA}.Debug|iPhoneSimulator.ActiveCfg = Debug|Any CPU
		{548E6B1D-2F22-4006-B5AD-135F24BFDFCA}.Debug|iPhoneSimulator.Build.0 = Debug|Any CPU
		{548E6B1D-2F22-4006-B5AD-135F24BFDFCA}.Debug|x64.ActiveCfg = Debug|Any CPU
		{548E6B1D-2F22-4006-B5AD-135F24BFDFCA}.Debug|x64.Build.0 = Debug|Any CPU
		{548E6B1D-2F22-4006-B5AD-135F24BFDFCA}.Debug|x86.ActiveCfg = Debug|Any CPU
		{548E6B1D-2F22-4006-B5AD-135F24BFDFCA}.Debug|x86.Build.0 = Debug|Any CPU
		{548E6B1D-2F22-4006-B5AD-135F24BFDFCA}.Release|Any CPU.ActiveCfg = Release|Any CPU
		{548E6B1D-2F22-4006-B5AD-135F24BFDFCA}.Release|Any CPU.Build.0 = Release|Any CPU
		{548E6B1D-2F22-4006-B5AD-135F24BFDFCA}.Release|ARM.ActiveCfg = Release|Any CPU
		{548E6B1D-2F22-4006-B5AD-135F24BFDFCA}.Release|ARM.Build.0 = Release|Any CPU
		{548E6B1D-2F22-4006-B5AD-135F24BFDFCA}.Release|iPhone.ActiveCfg = Release|Any CPU
		{548E6B1D-2F22-4006-B5AD-135F24BFDFCA}.Release|iPhone.Build.0 = Release|Any CPU
		{548E6B1D-2F22-4006-B5AD-135F24BFDFCA}.Release|iPhoneSimulator.ActiveCfg = Release|Any CPU
		{548E6B1D-2F22-4006-B5AD-135F24BFDFCA}.Release|iPhoneSimulator.Build.0 = Release|Any CPU
		{548E6B1D-2F22-4006-B5AD-135F24BFDFCA}.Release|x64.ActiveCfg = Release|Any CPU
		{548E6B1D-2F22-4006-B5AD-135F24BFDFCA}.Release|x64.Build.0 = Release|Any CPU
		{548E6B1D-2F22-4006-B5AD-135F24BFDFCA}.Release|x86.ActiveCfg = Release|Any CPU
		{548E6B1D-2F22-4006-B5AD-135F24BFDFCA}.Release|x86.Build.0 = Release|Any CPU
	EndGlobalSection
	GlobalSection(SolutionProperties) = preSolution
		HideSolutionNode = FALSE
	EndGlobalSection
	GlobalSection(ExtensibilityGlobals) = postSolution
		SolutionGuid = {E1A347EC-19FC-4FFD-BC53-AF24CCFAC0C7}
	EndGlobalSection
EndGlobal
